
Microsoft Visual Studio Solution File, Format Version 12.00
# Visual Studio 15
VisualStudioVersion = 15.0.28307.329
MinimumVisualStudioVersion = 10.0.40219.1
Project("{FAE04EC0-301F-11D3-BF4B-00C04F79EFBC}") = "Lab02Distributed", "Lab02Distributed\Lab02Distributed.csproj", "{78BDCE14-911A-4123-9B61-684B51381234}"
EndProject
Global
	GlobalSection(SolutionConfigurationPlatforms) = preSolution
		Debug|Any CPU = Debug|Any CPU
		Release|Any CPU = Release|Any CPU
	EndGlobalSection
	GlobalSection(ProjectConfigurationPlatforms) = postSolution
		{78BDCE14-911A-4123-9B61-684B51381234}.Debug|Any CPU.ActiveCfg = Debug|Any CPU
		{78BDCE14-911A-4123-9B61-684B51381234}.Debug|Any CPU.Build.0 = Debug|Any CPU
		{78BDCE14-911A-4123-9B61-684B51381234}.Release|Any CPU.ActiveCfg = Release|Any CPU
		{78BDCE14-911A-4123-9B61-684B51381234}.Release|Any CPU.Build.0 = Release|Any CPU
	EndGlobalSection
	GlobalSection(SolutionProperties) = preSolution
		HideSolutionNode = FALSE
	EndGlobalSection
	GlobalSection(ExtensibilityGlobals) = postSolution
		SolutionGuid = {0B72AF4D-F648-4E03-B88B-0AC7F110C387}
	EndGlobalSection
EndGlobal
